
Microsoft Visual Studio Solution File, Format Version 12.00
# Visual Studio Version 16
VisualStudioVersion = 16.0.30517.126
MinimumVisualStudioVersion = 10.0.40219.1
Project("{FAE04EC0-301F-11D3-BF4B-00C04F79EFBC}") = "microbiologiaDeAlimentos", "microbiologiaDeAlimentos.csproj", "{043E9E9F-6894-4C25-ADEB-DB2F764E9127}"
EndProject
Global
	GlobalSection(SolutionConfigurationPlatforms) = preSolution
		Debug|Any CPU = Debug|Any CPU
		Release|Any CPU = Release|Any CPU
	EndGlobalSection
	GlobalSection(ProjectConfigurationPlatforms) = postSolution
		{043E9E9F-6894-4C25-ADEB-DB2F764E9127}.Debug|Any CPU.ActiveCfg = Debug|Any CPU
		{043E9E9F-6894-4C25-ADEB-DB2F764E9127}.Debug|Any CPU.Build.0 = Debug|Any CPU
		{043E9E9F-6894-4C25-ADEB-DB2F764E9127}.Release|Any CPU.ActiveCfg = Release|Any CPU
		{043E9E9F-6894-4C25-ADEB-DB2F764E9127}.Release|Any CPU.Build.0 = Release|Any CPU
	EndGlobalSection
	GlobalSection(SolutionProperties) = preSolution
		HideSolutionNode = FALSE
	EndGlobalSection
	GlobalSection(ExtensibilityGlobals) = postSolution
		SolutionGuid = {88BC1583-C303-4957-84D5-0B3D826219A1}
	EndGlobalSection
EndGlobal
